
Microsoft Visual Studio Solution File, Format Version 11.00
# Visual Studio 2010
Project("{FAE04EC0-301F-11D3-BF4B-00C04F79EFBC}") = "PositronNova", "PositronNova\PositronNova\PositronNova.csproj", "{8575A3BF-2350-45FA-A203-AA84414FFDF6}"
EndProject
Project("{96E2B04D-8817-42C6-938A-82C39BA4D311}") = "PositronNovaContent", "PositronNova\PositronNovaContent\PositronNovaContent.contentproj", "{CF8F6F0E-2ACC-44DC-A2B4-B080538D57AB}"
EndProject
Global
	GlobalSection(SolutionConfigurationPlatforms) = preSolution
		Debug|x86 = Debug|x86
		Release|x86 = Release|x86
	EndGlobalSection
	GlobalSection(ProjectConfigurationPlatforms) = postSolution
		{8575A3BF-2350-45FA-A203-AA84414FFDF6}.Debug|x86.ActiveCfg = Debug|x86
		{8575A3BF-2350-45FA-A203-AA84414FFDF6}.Debug|x86.Build.0 = Debug|x86
		{8575A3BF-2350-45FA-A203-AA84414FFDF6}.Release|x86.ActiveCfg = Release|x86
		{8575A3BF-2350-45FA-A203-AA84414FFDF6}.Release|x86.Build.0 = Release|x86
		{CF8F6F0E-2ACC-44DC-A2B4-B080538D57AB}.Debug|x86.ActiveCfg = Debug|x86
		{CF8F6F0E-2ACC-44DC-A2B4-B080538D57AB}.Release|x86.ActiveCfg = Release|x86
	EndGlobalSection
	GlobalSection(SolutionProperties) = preSolution
		HideSolutionNode = FALSE
	EndGlobalSection
EndGlobal
